
Microsoft Visual Studio Solution File, Format Version 12.00
# Visual Studio Version 17
VisualStudioVersion = 17.0.32126.317
MinimumVisualStudioVersion = 10.0.40219.1
Project("{2150E333-8FDC-42A3-9474-1A3956D46DE8}") = "Context", "Context", "{5D5B2CA1-B216-40D6-9607-57577D8095E6}"
EndProject
Project("{9A19103F-16F7-4668-BE54-9A1E7A4F7556}") = "Context", "Context\Context.csproj", "{F10BE2C4-A5CB-4E2E-986E-1F613531AA75}"
EndProject
Project("{2150E333-8FDC-42A3-9474-1A3956D46DE8}") = "Core", "Core", "{D6F32863-F572-4CDD-AD65-EAFB53986634}"
EndProject
Project("{9A19103F-16F7-4668-BE54-9A1E7A4F7556}") = "Core", "Core\Core.csproj", "{DDD3629F-BE77-423E-BEB9-4645E6CF8267}"
EndProject
Project("{2150E333-8FDC-42A3-9474-1A3956D46DE8}") = "Data", "Data", "{FC8C8509-313C-44A2-B861-18D89D2FED53}"
EndProject
Project("{9A19103F-16F7-4668-BE54-9A1E7A4F7556}") = "DataCore", "Data-Core\DataCore.csproj", "{B4538C60-4D9C-4B15-A36E-6C4EE4363D03}"
EndProject
Project("{9A19103F-16F7-4668-BE54-9A1E7A4F7556}") = "DataSql", "Data-Sql\DataSql.csproj", "{04247A4E-0449-4503-B3F1-773D9F67BC1A}"
EndProject
Project("{2150E333-8FDC-42A3-9474-1A3956D46DE8}") = "Http", "Http", "{985C305F-5021-4370-B74D-4FC801E734BC}"
EndProject
Project("{9A19103F-16F7-4668-BE54-9A1E7A4F7556}") = "Http", "Http\Http.csproj", "{8352660C-69E8-4F4D-BEB4-DEBBD9C85FB1}"
EndProject
Project("{2150E333-8FDC-42A3-9474-1A3956D46DE8}") = "Message", "Message", "{BDE3BA4C-10F7-44D8-BD97-5DD0FA8E6DA8}"
EndProject
Project("{9A19103F-16F7-4668-BE54-9A1E7A4F7556}") = "Message", "Message\Message.csproj", "{0E693F7E-B9B3-435C-9680-0FA8E791F812}"
EndProject
Project("{2150E333-8FDC-42A3-9474-1A3956D46DE8}") = "OAuth", "OAuth", "{551F6C48-14F9-4E9C-80AE-368198071A08}"
EndProject
Project("{9A19103F-16F7-4668-BE54-9A1E7A4F7556}") = "OAuth-Keycloak", "OAuth-Keycloak\OAuth-Keycloak.csproj", "{17B07159-A8BB-45DE-9E66-D76C3FD6A67D}"
EndProject
Project("{2150E333-8FDC-42A3-9474-1A3956D46DE8}") = "Util", "Util", "{FD6445E1-B58F-4A23-A567-EF74B9176201}"
EndProject
Project("{9A19103F-16F7-4668-BE54-9A1E7A4F7556}") = "Util", "Util\Util.csproj", "{8757AF57-894F-4013-85D7-AB98312A6900}"
EndProject
Project("{2150E333-8FDC-42A3-9474-1A3956D46DE8}") = "Ui", "Ui", "{B5BD37F1-3694-494A-B7A2-4D38B8953633}"
EndProject
Project("{9A19103F-16F7-4668-BE54-9A1E7A4F7556}") = "Bread", "Bread\Bread.csproj", "{4C10CE05-DCAC-47B0-B8D6-8109A03C2589}"
EndProject
Project("{9A19103F-16F7-4668-BE54-9A1E7A4F7556}") = "Cache", "Cache\Cache.csproj", "{A7F27297-0BEA-40EE-810F-F9D4F77C2E3A}"
EndProject
Global
	GlobalSection(SolutionConfigurationPlatforms) = preSolution
		Debug|Any CPU = Debug|Any CPU
		Release|Any CPU = Release|Any CPU
	EndGlobalSection
	GlobalSection(ProjectConfigurationPlatforms) = postSolution
		{F10BE2C4-A5CB-4E2E-986E-1F613531AA75}.Debug|Any CPU.ActiveCfg = Debug|Any CPU
		{F10BE2C4-A5CB-4E2E-986E-1F613531AA75}.Debug|Any CPU.Build.0 = Debug|Any CPU
		{F10BE2C4-A5CB-4E2E-986E-1F613531AA75}.Release|Any CPU.ActiveCfg = Release|Any CPU
		{F10BE2C4-A5CB-4E2E-986E-1F613531AA75}.Release|Any CPU.Build.0 = Release|Any CPU
		{DDD3629F-BE77-423E-BEB9-4645E6CF8267}.Debug|Any CPU.ActiveCfg = Debug|Any CPU
		{DDD3629F-BE77-423E-BEB9-4645E6CF8267}.Debug|Any CPU.Build.0 = Debug|Any CPU
		{DDD3629F-BE77-423E-BEB9-4645E6CF8267}.Release|Any CPU.ActiveCfg = Release|Any CPU
		{DDD3629F-BE77-423E-BEB9-4645E6CF8267}.Release|Any CPU.Build.0 = Release|Any CPU
		{B4538C60-4D9C-4B15-A36E-6C4EE4363D03}.Debug|Any CPU.ActiveCfg = Debug|Any CPU
		{B4538C60-4D9C-4B15-A36E-6C4EE4363D03}.Debug|Any CPU.Build.0 = Debug|Any CPU
		{B4538C60-4D9C-4B15-A36E-6C4EE4363D03}.Release|Any CPU.ActiveCfg = Release|Any CPU
		{B4538C60-4D9C-4B15-A36E-6C4EE4363D03}.Release|Any CPU.Build.0 = Release|Any CPU
		{04247A4E-0449-4503-B3F1-773D9F67BC1A}.Debug|Any CPU.ActiveCfg = Debug|Any CPU
		{04247A4E-0449-4503-B3F1-773D9F67BC1A}.Debug|Any CPU.Build.0 = Debug|Any CPU
		{04247A4E-0449-4503-B3F1-773D9F67BC1A}.Release|Any CPU.ActiveCfg = Release|Any CPU
		{04247A4E-0449-4503-B3F1-773D9F67BC1A}.Release|Any CPU.Build.0 = Release|Any CPU
		{8352660C-69E8-4F4D-BEB4-DEBBD9C85FB1}.Debug|Any CPU.ActiveCfg = Debug|Any CPU
		{8352660C-69E8-4F4D-BEB4-DEBBD9C85FB1}.Debug|Any CPU.Build.0 = Debug|Any CPU
		{8352660C-69E8-4F4D-BEB4-DEBBD9C85FB1}.Release|Any CPU.ActiveCfg = Release|Any CPU
		{8352660C-69E8-4F4D-BEB4-DEBBD9C85FB1}.Release|Any CPU.Build.0 = Release|Any CPU
		{0E693F7E-B9B3-435C-9680-0FA8E791F812}.Debug|Any CPU.ActiveCfg = Debug|Any CPU
		{0E693F7E-B9B3-435C-9680-0FA8E791F812}.Debug|Any CPU.Build.0 = Debug|Any CPU
		{0E693F7E-B9B3-435C-9680-0FA8E791F812}.Release|Any CPU.ActiveCfg = Release|Any CPU
		{0E693F7E-B9B3-435C-9680-0FA8E791F812}.Release|Any CPU.Build.0 = Release|Any CPU
		{17B07159-A8BB-45DE-9E66-D76C3FD6A67D}.Debug|Any CPU.ActiveCfg = Debug|Any CPU
		{17B07159-A8BB-45DE-9E66-D76C3FD6A67D}.Debug|Any CPU.Build.0 = Debug|Any CPU
		{17B07159-A8BB-45DE-9E66-D76C3FD6A67D}.Release|Any CPU.ActiveCfg = Release|Any CPU
		{17B07159-A8BB-45DE-9E66-D76C3FD6A67D}.Release|Any CPU.Build.0 = Release|Any CPU
		{8757AF57-894F-4013-85D7-AB98312A6900}.Debug|Any CPU.ActiveCfg = Debug|Any CPU
		{8757AF57-894F-4013-85D7-AB98312A6900}.Debug|Any CPU.Build.0 = Debug|Any CPU
		{8757AF57-894F-4013-85D7-AB98312A6900}.Release|Any CPU.ActiveCfg = Release|Any CPU
		{8757AF57-894F-4013-85D7-AB98312A6900}.Release|Any CPU.Build.0 = Release|Any CPU
		{4C10CE05-DCAC-47B0-B8D6-8109A03C2589}.Debug|Any CPU.ActiveCfg = Debug|Any CPU
		{4C10CE05-DCAC-47B0-B8D6-8109A03C2589}.Debug|Any CPU.Build.0 = Debug|Any CPU
		{4C10CE05-DCAC-47B0-B8D6-8109A03C2589}.Release|Any CPU.ActiveCfg = Release|Any CPU
		{4C10CE05-DCAC-47B0-B8D6-8109A03C2589}.Release|Any CPU.Build.0 = Release|Any CPU
		{A7F27297-0BEA-40EE-810F-F9D4F77C2E3A}.Debug|Any CPU.ActiveCfg = Debug|Any CPU
		{A7F27297-0BEA-40EE-810F-F9D4F77C2E3A}.Debug|Any CPU.Build.0 = Debug|Any CPU
		{A7F27297-0BEA-40EE-810F-F9D4F77C2E3A}.Release|Any CPU.ActiveCfg = Release|Any CPU
		{A7F27297-0BEA-40EE-810F-F9D4F77C2E3A}.Release|Any CPU.Build.0 = Release|Any CPU
	EndGlobalSection
	GlobalSection(SolutionProperties) = preSolution
		HideSolutionNode = FALSE
	EndGlobalSection
	GlobalSection(NestedProjects) = preSolution
		{F10BE2C4-A5CB-4E2E-986E-1F613531AA75} = {5D5B2CA1-B216-40D6-9607-57577D8095E6}
		{DDD3629F-BE77-423E-BEB9-4645E6CF8267} = {D6F32863-F572-4CDD-AD65-EAFB53986634}
		{B4538C60-4D9C-4B15-A36E-6C4EE4363D03} = {FC8C8509-313C-44A2-B861-18D89D2FED53}
		{04247A4E-0449-4503-B3F1-773D9F67BC1A} = {FC8C8509-313C-44A2-B861-18D89D2FED53}
		{8352660C-69E8-4F4D-BEB4-DEBBD9C85FB1} = {985C305F-5021-4370-B74D-4FC801E734BC}
		{0E693F7E-B9B3-435C-9680-0FA8E791F812} = {BDE3BA4C-10F7-44D8-BD97-5DD0FA8E6DA8}
		{17B07159-A8BB-45DE-9E66-D76C3FD6A67D} = {551F6C48-14F9-4E9C-80AE-368198071A08}
		{8757AF57-894F-4013-85D7-AB98312A6900} = {FD6445E1-B58F-4A23-A567-EF74B9176201}
		{4C10CE05-DCAC-47B0-B8D6-8109A03C2589} = {B5BD37F1-3694-494A-B7A2-4D38B8953633}
		{A7F27297-0BEA-40EE-810F-F9D4F77C2E3A} = {FC8C8509-313C-44A2-B861-18D89D2FED53}
	EndGlobalSection
	GlobalSection(ExtensibilityGlobals) = postSolution
		SolutionGuid = {32BC2377-4720-423F-A282-21C53C638A65}
	EndGlobalSection
EndGlobal
